// !$*UTF8*$!
{
	archiveVersion = 1;
	classes = {
	};
	objectVersion = 46;
	objects = {

/* Begin PBXBuildFile section */
		C205812E1C005325003ED7F6 /* main.m in Sources */ = {isa = PBXBuildFile; fileRef = C205812D1C005325003ED7F6 /* main.m */; };
		C20581311C005325003ED7F6 /* AppDelegate.m in Sources */ = {isa = PBXBuildFile; fileRef = C20581301C005325003ED7F6 /* AppDelegate.m */; };
		C20581341C005325003ED7F6 /* ViewController.m in Sources */ = {isa = PBXBuildFile; fileRef = C20581331C005325003ED7F6 /* ViewController.m */; };
		C20581371C005325003ED7F6 /* Main.storyboard in Resources */ = {isa = PBXBuildFile; fileRef = C20581351C005325003ED7F6 /* Main.storyboard */; };
		C2A0FC2E1C005BF400E5CCCE /* Images2.xcassets in Resources */ = {isa = PBXBuildFile; fileRef = C2A0FC2D1C005BF400E5CCCE /* Images2.xcassets */; };
		C2A0FC311C006ABD00E5CCCE /* UIImageView+Cache.m in Sources */ = {isa = PBXBuildFile; fileRef = C2A0FC301C006ABD00E5CCCE /* UIImageView+Cache.m */; };
		C2A0FC341C006E6900E5CCCE /* CacheManager.m in Sources */ = {isa = PBXBuildFile; fileRef = C2A0FC331C006E6900E5CCCE /* CacheManager.m */; };
		C2B58DBD1C05CE7A00FDA126 /* MBProgressHUD.m in Sources */ = {isa = PBXBuildFile; fileRef = C2B58DBC1C05CE7A00FDA126 /* MBProgressHUD.m */; settings = {COMPILER_FLAGS = "-fno-objc-arc"; }; };
		C2B58DC11C05D83400FDA126 /* JSONKit.m in Sources */ = {isa = PBXBuildFile; fileRef = C2B58DC01C05D83400FDA126 /* JSONKit.m */; settings = {COMPILER_FLAGS = "-fno-objc-arc"; }; };
/* End PBXBuildFile section */

/* Begin PBXContainerItemProxy section */
		C20581431C005325003ED7F6 /* PBXContainerItemProxy */ = {
			isa = PBXContainerItemProxy;
			containerPortal = C20581211C005324003ED7F6 /* Project object */;
			proxyType = 1;
			remoteGlobalIDString = C20581281C005325003ED7F6;
			remoteInfo = "模仿缓存机制";
		};
		C205814E1C005325003ED7F6 /* PBXContainerItemProxy */ = {
			isa = PBXContainerItemProxy;
			containerPortal = C20581211C005324003ED7F6 /* Project object */;
			proxyType = 1;
			remoteGlobalIDString = C20581281C005325003ED7F6;
			remoteInfo = "模仿缓存机制";
		};
/* End PBXContainerItemProxy section */

/* Begin PBXFileReference section */
		C20581291C005325003ED7F6 /* 模仿缓存机制.app */ = {isa = PBXFileReference; explicitFileType = wrapper.application; includeInIndex = 0; path = "模仿缓存机制.app"; sourceTree = BUILT_PRODUCTS_DIR; };
		C205812D1C005325003ED7F6 /* main.m */ = {isa = PBXFileReference; lastKnownFileType = sourcecode.c.objc; path = main.m; sourceTree = "<group>"; };
		C205812F1C005325003ED7F6 /* AppDelegate.h */ = {isa = PBXFileReference; lastKnownFileType = sourcecode.c.h; path = AppDelegate.h; sourceTree = "<group>"; };
		C20581301C005325003ED7F6 /* AppDelegate.m */ = {isa = PBXFileReference; lastKnownFileType = sourcecode.c.objc; path = AppDelegate.m; sourceTree = "<group>"; };
		C20581321C005325003ED7F6 /* ViewController.h */ = {isa = PBXFileReference; lastKnownFileType = sourcecode.c.h; path = ViewController.h; sourceTree = "<group>"; };
		C20581331C005325003ED7F6 /* ViewController.m */ = {isa = PBXFileReference; lastKnownFileType = sourcecode.c.objc; path = ViewController.m; sourceTree = "<group>"; };
		C20581361C005325003ED7F6 /* Base */ = {isa = PBXFileReference; lastKnownFileType = file.storyboard; name = Base; path = Base.lproj/Main.storyboard; sourceTree = "<group>"; };
		C205813D1C005325003ED7F6 /* Info.plist */ = {isa = PBXFileReference; lastKnownFileType = text.plist.xml; path = Info.plist; sourceTree = "<group>"; };
		C20581421C005325003ED7F6 /* 模仿缓存机制Tests.xctest */ = {isa = PBXFileReference; explicitFileType = wrapper.cfbundle; includeInIndex = 0; path = "模仿缓存机制Tests.xctest"; sourceTree = BUILT_PRODUCTS_DIR; };
		C205814D1C005325003ED7F6 /* 模仿缓存机制UITests.xctest */ = {isa = PBXFileReference; explicitFileType = wrapper.cfbundle; includeInIndex = 0; path = "模仿缓存机制UITests.xctest"; sourceTree = BUILT_PRODUCTS_DIR; };
		C271CA591C08582600DC4618 /* PrefixHeader.pch */ = {isa = PBXFileReference; fileEncoding = 4; lastKnownFileType = sourcecode.c.h; path = PrefixHeader.pch; sourceTree = "<group>"; };
		C2A0FC2D1C005BF400E5CCCE /* Images2.xcassets */ = {isa = PBXFileReference; lastKnownFileType = folder.assetcatalog; path = Images2.xcassets; sourceTree = "<group>"; };
		C2A0FC2F1C006ABD00E5CCCE /* UIImageView+Cache.h */ = {isa = PBXFileReference; fileEncoding = 4; lastKnownFileType = sourcecode.c.h; path = "UIImageView+Cache.h"; sourceTree = "<group>"; };
		C2A0FC301C006ABD00E5CCCE /* UIImageView+Cache.m */ = {isa = PBXFileReference; fileEncoding = 4; lastKnownFileType = sourcecode.c.objc; path = "UIImageView+Cache.m"; sourceTree = "<group>"; };
		C2A0FC321C006E6900E5CCCE /* CacheManager.h */ = {isa = PBXFileReference; fileEncoding = 4; lastKnownFileType = sourcecode.c.h; path = CacheManager.h; sourceTree = "<group>"; };
		C2A0FC331C006E6900E5CCCE /* CacheManager.m */ = {isa = PBXFileReference; fileEncoding = 4; lastKnownFileType = sourcecode.c.objc; path = CacheManager.m; sourceTree = "<group>"; };
		C2B58DBB1C05CE7A00FDA126 /* MBProgressHUD.h */ = {isa = PBXFileReference; fileEncoding = 4; lastKnownFileType = sourcecode.c.h; path = MBProgressHUD.h; sourceTree = "<group>"; };
		C2B58DBC1C05CE7A00FDA126 /* MBProgressHUD.m */ = {isa = PBXFileReference; fileEncoding = 4; lastKnownFileType = sourcecode.c.objc; path = MBProgressHUD.m; sourceTree = "<group>"; };
		C2B58DBF1C05D83400FDA126 /* JSONKit.h */ = {isa = PBXFileReference; fileEncoding = 4; lastKnownFileType = sourcecode.c.h; path = JSONKit.h; sourceTree = "<group>"; };
		C2B58DC01C05D83400FDA126 /* JSONKit.m */ = {isa = PBXFileReference; fileEncoding = 4; lastKnownFileType = sourcecode.c.objc; path = JSONKit.m; sourceTree = "<group>"; };
/* End PBXFileReference section */

/* Begin PBXFrameworksBuildPhase section */
		C20581261C005325003ED7F6 /* Frameworks */ = {
			isa = PBXFrameworksBuildPhase;
			buildActionMask = 2147483647;
			files = (
			);
			runOnlyForDeploymentPostprocessing = 0;
		};
		C205813F1C005325003ED7F6 /* Frameworks */ = {
			isa = PBXFrameworksBuildPhase;
			buildActionMask = 2147483647;
			files = (
			);
			runOnlyForDeploymentPostprocessing = 0;
		};
		C205814A1C005325003ED7F6 /* Frameworks */ = {
			isa = PBXFrameworksBuildPhase;
			buildActionMask = 2147483647;
			files = (
			);
			runOnlyForDeploymentPostprocessing = 0;
		};
/* End PBXFrameworksBuildPhase section */

/* Begin PBXGroup section */
		C20581201C005324003ED7F6 = {
			isa = PBXGroup;
			children = (
				C205812B1C005325003ED7F6 /* 模仿缓存机制 */,
				C205812A1C005325003ED7F6 /* Products */,
			);
			sourceTree = "<group>";
		};
		C205812A1C005325003ED7F6 /* Products */ = {
			isa = PBXGroup;
			children = (
				C20581291C005325003ED7F6 /* 模仿缓存机制.app */,
				C20581421C005325003ED7F6 /* 模仿缓存机制Tests.xctest */,
				C205814D1C005325003ED7F6 /* 模仿缓存机制UITests.xctest */,
			);
			name = Products;
			sourceTree = "<group>";
		};
		C205812B1C005325003ED7F6 /* 模仿缓存机制 */ = {
			isa = PBXGroup;
			children = (
				C205812F1C005325003ED7F6 /* AppDelegate.h */,
				C20581301C005325003ED7F6 /* AppDelegate.m */,
				C20581321C005325003ED7F6 /* ViewController.h */,
				C20581331C005325003ED7F6 /* ViewController.m */,
				C2A0FC2F1C006ABD00E5CCCE /* UIImageView+Cache.h */,
				C2A0FC301C006ABD00E5CCCE /* UIImageView+Cache.m */,
				C271CA591C08582600DC4618 /* PrefixHeader.pch */,
				C2A0FC321C006E6900E5CCCE /* CacheManager.h */,
				C2A0FC331C006E6900E5CCCE /* CacheManager.m */,
				C2B58DBE1C05D83400FDA126 /* JSONKit */,
				C2B58DBA1C05CE7A00FDA126 /* MBProgressHUD */,
				C20581351C005325003ED7F6 /* Main.storyboard */,
				C2A0FC2D1C005BF400E5CCCE /* Images2.xcassets */,
				C205813D1C005325003ED7F6 /* Info.plist */,
				C205812C1C005325003ED7F6 /* Supporting Files */,
			);
			path = "模仿缓存机制";
			sourceTree = "<group>";
		};
		C205812C1C005325003ED7F6 /* Supporting Files */ = {
			isa = PBXGroup;
			children = (
				C205812D1C005325003ED7F6 /* main.m */,
			);
			name = "Supporting Files";
			sourceTree = "<group>";
		};
		C2B58DBA1C05CE7A00FDA126 /* MBProgressHUD */ = {
			isa = PBXGroup;
			children = (
				C2B58DBB1C05CE7A00FDA126 /* MBProgressHUD.h */,
				C2B58DBC1C05CE7A00FDA126 /* MBProgressHUD.m */,
			);
			path = MBProgressHUD;
			sourceTree = "<group>";
		};
		C2B58DBE1C05D83400FDA126 /* JSONKit */ = {
			isa = PBXGroup;
			children = (
				C2B58DBF1C05D83400FDA126 /* JSONKit.h */,
				C2B58DC01C05D83400FDA126 /* JSONKit.m */,
			);
			path = JSONKit;
			sourceTree = "<group>";
		};
/* End PBXGroup section */

/* Begin PBXNativeTarget section */
		C20581281C005325003ED7F6 /* 模仿缓存机制 */ = {
			isa = PBXNativeTarget;
			buildConfigurationList = C20581561C005325003ED7F6 /* Build configuration list for PBXNativeTarget "模仿缓存机制" */;
			buildPhases = (
				C20581251C005325003ED7F6 /* Sources */,
				C20581261C005325003ED7F6 /* Frameworks */,
				C20581271C005325003ED7F6 /* Resources */,
			);
			buildRules = (
			);
			dependencies = (
			);
			name = "模仿缓存机制";
			productName = "模仿缓存机制";
			productReference = C20581291C005325003ED7F6 /* 模仿缓存机制.app */;
			productType = "com.apple.product-type.application";
		};
		C20581411C005325003ED7F6 /* 模仿缓存机制Tests */ = {
			isa = PBXNativeTarget;
			buildConfigurationList = C20581591C005325003ED7F6 /* Build configuration list for PBXNativeTarget "模仿缓存机制Tests" */;
			buildPhases = (
				C205813E1C005325003ED7F6 /* Sources */,
				C205813F1C005325003ED7F6 /* Frameworks */,
				C20581401C005325003ED7F6 /* Resources */,
			);
			buildRules = (
			);
			dependencies = (
				C20581441C005325003ED7F6 /* PBXTargetDependency */,
			);
			name = "模仿缓存机制Tests";
			productName = "模仿缓存机制Tests";
			productReference = C20581421C005325003ED7F6 /* 模仿缓存机制Tests.xctest */;
			productType = "com.apple.product-type.bundle.unit-test";
		};
		C205814C1C005325003ED7F6 /* 模仿缓存机制UITests */ = {
			isa = PBXNativeTarget;
			buildConfigurationList = C205815C1C005325003ED7F6 /* Build configuration list for PBXNativeTarget "模仿缓存机制UITests" */;
			buildPhases = (
				C20581491C005325003ED7F6 /* Sources */,
				C205814A1C005325003ED7F6 /* Frameworks */,
				C205814B1C005325003ED7F6 /* Resources */,
			);
			buildRules = (
			);
			dependencies = (
				C205814F1C005325003ED7F6 /* PBXTargetDependency */,
			);
			name = "模仿缓存机制UITests";
			productName = "模仿缓存机制UITests";
			productReference = C205814D1C005325003ED7F6 /* 模仿缓存机制UITests.xctest */;
			productType = "com.apple.product-type.bundle.ui-testing";
		};
/* End PBXNativeTarget section */

/* Begin PBXProject section */
		C20581211C005324003ED7F6 /* Project object */ = {
			isa = PBXProject;
			attributes = {
				LastUpgradeCheck = 0710;
				ORGANIZATIONNAME = "陈伟";
				TargetAttributes = {
					C20581281C005325003ED7F6 = {
						CreatedOnToolsVersion = 7.1;
					};
					C20581411C005325003ED7F6 = {
						CreatedOnToolsVersion = 7.1;
						TestTargetID = C20581281C005325003ED7F6;
					};
					C205814C1C005325003ED7F6 = {
						CreatedOnToolsVersion = 7.1;
						TestTargetID = C20581281C005325003ED7F6;
					};
				};
			};
			buildConfigurationList = C20581241C005324003ED7F6 /* Build configuration list for PBXProject "模仿缓存机制" */;
			compatibilityVersion = "Xcode 3.2";
			developmentRegion = English;
			hasScannedForEncodings = 0;
			knownRegions = (
				en,
				Base,
			);
			mainGroup = C20581201C005324003ED7F6;
			productRefGroup = C205812A1C005325003ED7F6 /* Products */;
			projectDirPath = "";
			projectRoot = "";
			targets = (
				C20581281C005325003ED7F6 /* 模仿缓存机制 */,
				C20581411C005325003ED7F6 /* 模仿缓存机制Tests */,
				C205814C1C005325003ED7F6 /* 模仿缓存机制UITests */,
			);
		};
/* End PBXProject section */

/* Begin PBXResourcesBuildPhase section */
		C20581271C005325003ED7F6 /* Resources */ = {
			isa = PBXResourcesBuildPhase;
			buildActionMask = 2147483647;
			files = (
				C20581371C005325003ED7F6 /* Main.storyboard in Resources */,
				C2A0FC2E1C005BF400E5CCCE /* Images2.xcassets in Resources */,
			);
			runOnlyForDeploymentPostprocessing = 0;
		};
		C20581401C005325003ED7F6 /* Resources */ = {
			isa = PBXResourcesBuildPhase;
			buildActionMask = 2147483647;
			files = (
			);
			runOnlyForDeploymentPostprocessing = 0;
		};
		C205814B1C005325003ED7F6 /* Resources */ = {
			isa = PBXResourcesBuildPhase;
			buildActionMask = 2147483647;
			files = (
			);
			runOnlyForDeploymentPostprocessing = 0;
		};
/* End PBXResourcesBuildPhase section */

/* Begin PBXSourcesBuildPhase section */
		C20581251C005325003ED7F6 /* Sources */ = {
			isa = PBXSourcesBuildPhase;
			buildActionMask = 2147483647;
			files = (
				C20581341C005325003ED7F6 /* ViewController.m in Sources */,
				C2B58DBD1C05CE7A00FDA126 /* MBProgressHUD.m in Sources */,
				C2A0FC341C006E6900E5CCCE /* CacheManager.m in Sources */,
				C20581311C005325003ED7F6 /* AppDelegate.m in Sources */,
				C2A0FC311C006ABD00E5CCCE /* UIImageView+Cache.m in Sources */,
				C2B58DC11C05D83400FDA126 /* JSONKit.m in Sources */,
				C205812E1C005325003ED7F6 /* main.m in Sources */,
			);
			runOnlyForDeploymentPostprocessing = 0;
		};
		C205813E1C005325003ED7F6 /* Sources */ = {
			isa = PBXSourcesBuildPhase;
			buildActionMask = 2147483647;
			files = (
			);
			runOnlyForDeploymentPostprocessing = 0;
		};
		C20581491C005325003ED7F6 /* Sources */ = {
			isa = PBXSourcesBuildPhase;
			buildActionMask = 2147483647;
			files = (
			);
			runOnlyForDeploymentPostprocessing = 0;
		};
/* End PBXSourcesBuildPhase section */

/* Begin PBXTargetDependency section */
		C20581441C005325003ED7F6 /* PBXTargetDependency */ = {
			isa = PBXTargetDependency;
			target = C20581281C005325003ED7F6 /* 模仿缓存机制 */;
			targetProxy = C20581431C005325003ED7F6 /* PBXContainerItemProxy */;
		};
		C205814F1C005325003ED7F6 /* PBXTargetDependency */ = {
			isa = PBXTargetDependency;
			target = C20581281C005325003ED7F6 /* 模仿缓存机制 */;
			targetProxy = C205814E1C005325003ED7F6 /* PBXContainerItemProxy */;
		};
/* End PBXTargetDependency section */

/* Begin PBXVariantGroup section */
		C20581351C005325003ED7F6 /* Main.storyboard */ = {
			isa = PBXVariantGroup;
			children = (
				C20581361C005325003ED7F6 /* Base */,
			);
			name = Main.storyboard;
			sourceTree = "<group>";
		};
/* End PBXVariantGroup section */

/* Begin XCBuildConfiguration section */
		C20581541C005325003ED7F6 /* Debug */ = {
			isa = XCBuildConfiguration;
			buildSettings = {
				ALWAYS_SEARCH_USER_PATHS = NO;
				CLANG_CXX_LANGUAGE_STANDARD = "gnu++0x";
				CLANG_CXX_LIBRARY = "libc++";
				CLANG_ENABLE_MODULES = YES;
				CLANG_ENABLE_OBJC_ARC = YES;
				CLANG_WARN_BOOL_CONVERSION = YES;
				CLANG_WARN_CONSTANT_CONVERSION = YES;
				CLANG_WARN_DIRECT_OBJC_ISA_USAGE = YES_ERROR;
				CLANG_WARN_EMPTY_BODY = YES;
				CLANG_WARN_ENUM_CONVERSION = YES;
				CLANG_WARN_INT_CONVERSION = YES;
				CLANG_WARN_OBJC_ROOT_CLASS = YES_ERROR;
				CLANG_WARN_UNREACHABLE_CODE = YES;
				CLANG_WARN__DUPLICATE_METHOD_MATCH = YES;
				"CODE_SIGN_IDENTITY[sdk=iphoneos*]" = "iPhone Developer";
				COPY_PHASE_STRIP = NO;
				DEBUG_INFORMATION_FORMAT = dwarf;
				ENABLE_STRICT_OBJC_MSGSEND = YES;
				ENABLE_TESTABILITY = YES;
				GCC_C_LANGUAGE_STANDARD = gnu99;
				GCC_DYNAMIC_NO_PIC = NO;
				GCC_NO_COMMON_BLOCKS = YES;
				GCC_OPTIMIZATION_LEVEL = 0;
				GCC_PRECOMPILE_PREFIX_HEADER = YES;
				GCC_PREPROCESSOR_DEFINITIONS = (
					"DEBUG=1",
					"$(inherited)",
				);
				GCC_WARN_64_TO_32_BIT_CONVERSION = YES;
				GCC_WARN_ABOUT_RETURN_TYPE = YES_ERROR;
				GCC_WARN_UNDECLARED_SELECTOR = YES;
				GCC_WARN_UNINITIALIZED_AUTOS = YES_AGGRESSIVE;
				GCC_WARN_UNUSED_FUNCTION = YES;
				GCC_WARN_UNUSED_VARIABLE = YES;
				IPHONEOS_DEPLOYMENT_TARGET = 9.1;
				MTL_ENABLE_DEBUG_INFO = YES;
				ONLY_ACTIVE_ARCH = YES;
				SDKROOT = iphoneos;
			};
			name = Debug;
		};
		C20581551C005325003ED7F6 /* Release */ = {
			isa = XCBuildConfiguration;
			buildSettings = {
				ALWAYS_SEARCH_USER_PATHS = NO;
				CLANG_CXX_LANGUAGE_STANDARD = "gnu++0x";
				CLANG_CXX_LIBRARY = "libc++";
				CLANG_ENABLE_MODULES = YES;
				CLANG_ENABLE_OBJC_ARC = YES;
				CLANG_WARN_BOOL_CONVERSION = YES;
				CLANG_WARN_CONSTANT_CONVERSION = YES;
				CLANG_WARN_DIRECT_OBJC_ISA_USAGE = YES_ERROR;
				CLANG_WARN_EMPTY_BODY = YES;
				CLANG_WARN_ENUM_CONVERSION = YES;
				CLANG_WARN_INT_CONVERSION = YES;
				CLANG_WARN_OBJC_ROOT_CLASS = YES_ERROR;
				CLANG_WARN_UNREACHABLE_CODE = YES;
				CLANG_WARN__DUPLICATE_METHOD_MATCH = YES;
				"CODE_SIGN_IDENTITY[sdk=iphoneos*]" = "iPhone Developer";
				COPY_PHASE_STRIP = NO;
				DEBUG_INFORMATION_FORMAT = "dwarf-with-dsym";
				ENABLE_NS_ASSERTIONS = NO;
				ENABLE_STRICT_OBJC_MSGSEND = YES;
				GCC_C_LANGUAGE_STANDARD = gnu99;
				GCC_NO_COMMON_BLOCKS = YES;
				GCC_PRECOMPILE_PREFIX_HEADER = YES;
				GCC_WARN_64_TO_32_BIT_CONVERSION = YES;
				GCC_WARN_ABOUT_RETURN_TYPE = YES_ERROR;
				GCC_WARN_UNDECLARED_SELECTOR = YES;
				GCC_WARN_UNINITIALIZED_AUTOS = YES_AGGRESSIVE;
				GCC_WARN_UNUSED_FUNCTION = YES;
				GCC_WARN_UNUSED_VARIABLE = YES;
				IPHONEOS_DEPLOYMENT_TARGET = 9.1;
				MTL_ENABLE_DEBUG_INFO = NO;
				SDKROOT = iphoneos;
				VALIDATE_PRODUCT = YES;
			};
			name = Release;
		};
		C20581571C005325003ED7F6 /* Debug */ = {
			isa = XCBuildConfiguration;
			buildSettings = {
				ASSETCATALOG_COMPILER_APPICON_NAME = AppIcon;
				ASSETCATALOG_COMPILER_LAUNCHIMAGE_NAME = LaunchImage;
				GCC_PREFIX_HEADER = "/Users/lanou3g/Desktop/伟哥的东西/模仿缓存机制/模仿缓存机制/PrefixHeader.pch";
				INFOPLIST_FILE = "模仿缓存机制/Info.plist";
				LD_RUNPATH_SEARCH_PATHS = "$(inherited) @executable_path/Frameworks";
				PRODUCT_BUNDLE_IDENTIFIER = "com.lanou3g.------";
				PRODUCT_NAME = "$(TARGET_NAME)";
			};
			name = Debug;
		};
		C20581581C005325003ED7F6 /* Release */ = {
			isa = XCBuildConfiguration;
			buildSettings = {
				ASSETCATALOG_COMPILER_APPICON_NAME = AppIcon;
				ASSETCATALOG_COMPILER_LAUNCHIMAGE_NAME = LaunchImage;
				GCC_PREFIX_HEADER = "/Users/lanou3g/Desktop/伟哥的东西/模仿缓存机制/模仿缓存机制/PrefixHeader.pch";
				INFOPLIST_FILE = "模仿缓存机制/Info.plist";
				LD_RUNPATH_SEARCH_PATHS = "$(inherited) @executable_path/Frameworks";
				PRODUCT_BUNDLE_IDENTIFIER = "com.lanou3g.------";
				PRODUCT_NAME = "$(TARGET_NAME)";
			};
			name = Release;
		};
		C205815A1C005325003ED7F6 /* Debug */ = {
			isa = XCBuildConfiguration;
			buildSettings = {
				BUNDLE_LOADER = "$(TEST_HOST)";
				INFOPLIST_FILE = "模仿缓存机制Tests/Info.plist";
				LD_RUNPATH_SEARCH_PATHS = "$(inherited) @executable_path/Frameworks @loader_path/Frameworks";
				PRODUCT_BUNDLE_IDENTIFIER = "com.lanou3g.------Tests";
				PRODUCT_NAME = "$(TARGET_NAME)";
				TEST_HOST = "$(BUILT_PRODUCTS_DIR)/模仿缓存机制.app/模仿缓存机制";
			};
			name = Debug;
		};
		C205815B1C005325003ED7F6 /* Release */ = {
			isa = XCBuildConfiguration;
			buildSettings = {
				BUNDLE_LOADER = "$(TEST_HOST)";
				INFOPLIST_FILE = "模仿缓存机制Tests/Info.plist";
				LD_RUNPATH_SEARCH_PATHS = "$(inherited) @executable_path/Frameworks @loader_path/Frameworks";
				PRODUCT_BUNDLE_IDENTIFIER = "com.lanou3g.------Tests";
				PRODUCT_NAME = "$(TARGET_NAME)";
				TEST_HOST = "$(BUILT_PRODUCTS_DIR)/模仿缓存机制.app/模仿缓存机制";
			};
			name = Release;
		};
		C205815D1C005325003ED7F6 /* Debug */ = {
			isa = XCBuildConfiguration;
			buildSettings = {
				INFOPLIST_FILE = "模仿缓存机制UITests/Info.plist";
				LD_RUNPATH_SEARCH_PATHS = "$(inherited) @executable_path/Frameworks @loader_path/Frameworks";
				PRODUCT_BUNDLE_IDENTIFIER = "com.lanou3g.------UITests";
				PRODUCT_NAME = "$(TARGET_NAME)";
				TEST_TARGET_NAME = "模仿缓存机制";
				USES_XCTRUNNER = YES;
			};
			name = Debug;
		};
		C205815E1C005325003ED7F6 /* Release */ = {
			isa = XCBuildConfiguration;
			buildSettings = {
				INFOPLIST_FILE = "模仿缓存机制UITests/Info.plist";
				LD_RUNPATH_SEARCH_PATHS = "$(inherited) @executable_path/Frameworks @loader_path/Frameworks";
				PRODUCT_BUNDLE_IDENTIFIER = "com.lanou3g.------UITests";
				PRODUCT_NAME = "$(TARGET_NAME)";
				TEST_TARGET_NAME = "模仿缓存机制";
				USES_XCTRUNNER = YES;
			};
			name = Release;
		};
/* End XCBuildConfiguration section */

/* Begin XCConfigurationList section */
		C20581241C005324003ED7F6 /* Build configuration list for PBXProject "模仿缓存机制" */ = {
			isa = XCConfigurationList;
			buildConfigurations = (
				C20581541C005325003ED7F6 /* Debug */,
				C20581551C005325003ED7F6 /* Release */,
			);
			defaultConfigurationIsVisible = 0;
			defaultConfigurationName = Release;
		};
		C20581561C005325003ED7F6 /* Build configuration list for PBXNativeTarget "模仿缓存机制" */ = {
			isa = XCConfigurationList;
			buildConfigurations = (
				C20581571C005325003ED7F6 /* Debug */,
				C20581581C005325003ED7F6 /* Release */,
			);
			defaultConfigurationIsVisible = 0;
			defaultConfigurationName = Release;
		};
		C20581591C005325003ED7F6 /* Build configuration list for PBXNativeTarget "模仿缓存机制Tests" */ = {
			isa = XCConfigurationList;
			buildConfigurations = (
				C205815A1C005325003ED7F6 /* Debug */,
				C205815B1C005325003ED7F6 /* Release */,
			);
			defaultConfigurationIsVisible = 0;
			defaultConfigurationName = Release;
		};
		C205815C1C005325003ED7F6 /* Build configuration list for PBXNativeTarget "模仿缓存机制UITests" */ = {
			isa = XCConfigurationList;
			buildConfigurations = (
				C205815D1C005325003ED7F6 /* Debug */,
				C205815E1C005325003ED7F6 /* Release */,
			);
			defaultConfigurationIsVisible = 0;
			defaultConfigurationName = Release;
		};
/* End XCConfigurationList section */
	};
	rootObject = C20581211C005324003ED7F6 /* Project object */;
}
